<?xml version="1.0" encoding="utf-8"?>
<Project ToolsVersion="4.0" xmlns="http://schemas.microsoft.com/developer/msbuild/2003">
  <ItemGroup>
    <Filter Include="DataBase">
      <UniqueIdentifier>{7fd67559-4056-479c-83ba-322478f9bcfb}</UniqueIdentifier>
    </Filter>
    <Filter Include="Plotter">
      <UniqueIdentifier>{55038630-2b85-4e2a-b718-02ad7dbbe4a5}</UniqueIdentifier>
    </Filter>
    <Filter Include="Plotter\Engine">
      <UniqueIdentifier>{181bb164-e892-4d79-84d1-579e46804700}</UniqueIdentifier>
    </Filter>
    <Filter Include="Plotter\RenderPass">
      <UniqueIdentifier>{89eee38c-705b-4e79-ac3c-493d0cfbfe57}</UniqueIdentifier>
    </Filter>
  </ItemGroup>
  <ItemGroup>
    <ClInclude Include="CBaseWindow.h">
      <Filter>Plotter\Engine</Filter>
    </ClInclude>
    <ClInclude Include="CWindowsApp.h">
      <Filter>Plotter\Engine</Filter>
    </ClInclude>
    <ClInclude Include="SPoint.h">
      <Filter>Plotter\Engine</Filter>
    </ClInclude>
    <ClInclude Include="SStock.h">
      <Filter>DataBase</Filter>
    </ClInclude>
    <ClInclude Include="SDate.h">
      <Filter>DataBase</Filter>
    </ClInclude>
    <ClInclude Include="CDataBase.h">
      <Filter>DataBase</Filter>
    </ClInclude>
    <ClInclude Include="SListItem.h">
      <Filter>DataBase</Filter>
    </ClInclude>
    <ClInclude Include="CList.h">
      <Filter>DataBase</Filter>
    </ClInclude>
    <ClInclude Include="SColor.h">
      <Filter>Plotter\Engine</Filter>
    </ClInclude>
    <ClInclude Include="CRenderPass.h">
      <Filter>Plotter\RenderPass</Filter>
    </ClInclude>
    <ClInclude Include="CSolidColorRenderPass.h">
      <Filter>Plotter\RenderPass</Filter>
    </ClInclude>
    <ClInclude Include="CColorRenderPass.h">
      <Filter>Plotter\RenderPass</Filter>
    </ClInclude>
    <ClInclude Include="IShader.h">
      <Filter>Plotter\RenderPass</Filter>
    </ClInclude>
    <ClInclude Include="SColorVertex.h">
      <Filter>Plotter\RenderPass</Filter>
    </ClInclude>
    <ClInclude Include="SPsConstantBuffer.h">
      <Filter>Plotter\RenderPass</Filter>
    </ClInclude>
    <ClInclude Include="SVertex.h">
      <Filter>Plotter\RenderPass</Filter>
    </ClInclude>
    <ClInclude Include="CGeometry.h">
      <Filter>Plotter\Engine</Filter>
    </ClInclude>
    <ClInclude Include="STextureVertex.h">
      <Filter>Plotter\RenderPass</Filter>
    </ClInclude>
    <ClInclude Include="CTextureRenderPass.h">
      <Filter>Plotter\RenderPass</Filter>
    </ClInclude>
  </ItemGroup>
  <ItemGroup>
    <ClCompile Include="CBaseWindow.cpp">
      <Filter>Plotter\Engine</Filter>
    </ClCompile>
    <ClCompile Include="CWindowsApp.cpp">
      <Filter>Plotter\Engine</Filter>
    </ClCompile>
    <ClCompile Include="main.cpp" />
    <ClCompile Include="CEngine.h">
      <Filter>Plotter\Engine</Filter>
    </ClCompile>
    <ClCompile Include="CSolidColorRenderPass.cpp">
      <Filter>Plotter\RenderPass</Filter>
    </ClCompile>
    <ClCompile Include="CColorRenderPass.cpp">
      <Filter>Plotter\RenderPass</Filter>
    </ClCompile>
    <ClCompile Include="CTextureRenderPass.cpp">
      <Filter>Plotter\RenderPass</Filter>
    </ClCompile>
  </ItemGroup>
  <ItemGroup>
    <Text Include="ps.hlsl">
      <Filter>Plotter\RenderPass</Filter>
    </Text>
    <Text Include="ps_color.hlsl">
      <Filter>Plotter\RenderPass</Filter>
    </Text>
    <Text Include="vs.hlsl">
      <Filter>Plotter\RenderPass</Filter>
    </Text>
    <Text Include="vs_texture.hlsl">
      <Filter>Plotter\RenderPass</Filter>
    </Text>
    <Text Include="ps_texture.hlsl">
      <Filter>Plotter\RenderPass</Filter>
    </Text>
  </ItemGroup>
  <ItemGroup>
    <None Include="wig_d.csv" />
  </ItemGroup>
  <ItemGroup>
    <FxCompile Include="vs_color.hlsl">
      <Filter>Plotter\RenderPass</Filter>
    </FxCompile>
  </ItemGroup>
</Project>